
Microsoft Visual Studio Solution File, Format Version 12.00
# Visual Studio Express 14 for Windows Desktop
VisualStudioVersion = 14.0.25420.1
MinimumVisualStudioVersion = 10.0.40219.1
Project("{8BC9CEB8-8B4A-11D0-8D11-00A0C91BC942}") = "nFinderHook", "nFinderHook\nFinderHook.vcxproj", "{B2650E4E-BD5A-41B7-A35C-E141A63B1FCA}"
EndProject
Project("{8BC9CEB8-8B4A-11D0-8D11-00A0C91BC942}") = "nFinderLauncher", "nFinderLauncher\nFinderLauncher.vcxproj", "{5392D718-1CD6-4B24-A4E4-B6B92DB81A8B}"
EndProject
Global
	GlobalSection(SolutionConfigurationPlatforms) = preSolution
		Debug|x64 = Debug|x64
		Debug|x86 = Debug|x86
		Release|x64 = Release|x64
		Release|x86 = Release|x86
	EndGlobalSection
	GlobalSection(ProjectConfigurationPlatforms) = postSolution
		{B2650E4E-BD5A-41B7-A35C-E141A63B1FCA}.Debug|x64.ActiveCfg = Debug|x64
		{B2650E4E-BD5A-41B7-A35C-E141A63B1FCA}.Debug|x64.Build.0 = Debug|x64
		{B2650E4E-BD5A-41B7-A35C-E141A63B1FCA}.Debug|x86.ActiveCfg = Debug|Win32
		{B2650E4E-BD5A-41B7-A35C-E141A63B1FCA}.Debug|x86.Build.0 = Debug|Win32
		{B2650E4E-BD5A-41B7-A35C-E141A63B1FCA}.Release|x64.ActiveCfg = Release|x64
		{B2650E4E-BD5A-41B7-A35C-E141A63B1FCA}.Release|x64.Build.0 = Release|x64
		{B2650E4E-BD5A-41B7-A35C-E141A63B1FCA}.Release|x86.ActiveCfg = Release|Win32
		{B2650E4E-BD5A-41B7-A35C-E141A63B1FCA}.Release|x86.Build.0 = Release|Win32
		{5392D718-1CD6-4B24-A4E4-B6B92DB81A8B}.Debug|x64.ActiveCfg = Debug|x64
		{5392D718-1CD6-4B24-A4E4-B6B92DB81A8B}.Debug|x64.Build.0 = Debug|x64
		{5392D718-1CD6-4B24-A4E4-B6B92DB81A8B}.Debug|x86.ActiveCfg = Debug|Win32
		{5392D718-1CD6-4B24-A4E4-B6B92DB81A8B}.Debug|x86.Build.0 = Debug|Win32
		{5392D718-1CD6-4B24-A4E4-B6B92DB81A8B}.Release|x64.ActiveCfg = Release|x64
		{5392D718-1CD6-4B24-A4E4-B6B92DB81A8B}.Release|x64.Build.0 = Release|x64
		{5392D718-1CD6-4B24-A4E4-B6B92DB81A8B}.Release|x86.ActiveCfg = Release|Win32
		{5392D718-1CD6-4B24-A4E4-B6B92DB81A8B}.Release|x86.Build.0 = Release|Win32
	EndGlobalSection
	GlobalSection(SolutionProperties) = preSolution
		HideSolutionNode = FALSE
	EndGlobalSection
EndGlobal
